
Microsoft Visual Studio Solution File, Format Version 12.00
# Visual Studio Version 17
VisualStudioVersion = 17.11.35312.102
MinimumVisualStudioVersion = 10.0.40219.1
Project("{9A19103F-16F7-4668-BE54-9A1E7A4F7556}") = "Ex3_Server", "Ex3_Server.csproj", "{39D002B2-6874-44B1-AA39-DAAC9C59EB2B}"
EndProject
Global
	GlobalSection(SolutionConfigurationPlatforms) = preSolution
		Debug|Any CPU = Debug|Any CPU
		Release|Any CPU = Release|Any CPU
	EndGlobalSection
	GlobalSection(ProjectConfigurationPlatforms) = postSolution
		{39D002B2-6874-44B1-AA39-DAAC9C59EB2B}.Debug|Any CPU.ActiveCfg = Debug|Any CPU
		{39D002B2-6874-44B1-AA39-DAAC9C59EB2B}.Debug|Any CPU.Build.0 = Debug|Any CPU
		{39D002B2-6874-44B1-AA39-DAAC9C59EB2B}.Release|Any CPU.ActiveCfg = Release|Any CPU
		{39D002B2-6874-44B1-AA39-DAAC9C59EB2B}.Release|Any CPU.Build.0 = Release|Any CPU
	EndGlobalSection
	GlobalSection(SolutionProperties) = preSolution
		HideSolutionNode = FALSE
	EndGlobalSection
	GlobalSection(ExtensibilityGlobals) = postSolution
		SolutionGuid = {AFC5FCE4-9A38-4343-9445-81E23BE6F384}
	EndGlobalSection
EndGlobal
