
Microsoft Visual Studio Solution File, Format Version 12.00
# Visual Studio Version 17
VisualStudioVersion = 17.11.35312.102
MinimumVisualStudioVersion = 10.0.40219.1
Project("{FAE04EC0-301F-11D3-BF4B-00C04F79EFBC}") = "Exercise3", "Exercise3\Exercise3.csproj", "{F5AC53A0-1777-4FE3-ADCF-FE295B951CBB}"
EndProject
Global
	GlobalSection(SolutionConfigurationPlatforms) = preSolution
		Debug|Any CPU = Debug|Any CPU
		Release|Any CPU = Release|Any CPU
	EndGlobalSection
	GlobalSection(ProjectConfigurationPlatforms) = postSolution
		{F5AC53A0-1777-4FE3-ADCF-FE295B951CBB}.Debug|Any CPU.ActiveCfg = Debug|Any CPU
		{F5AC53A0-1777-4FE3-ADCF-FE295B951CBB}.Debug|Any CPU.Build.0 = Debug|Any CPU
		{F5AC53A0-1777-4FE3-ADCF-FE295B951CBB}.Release|Any CPU.ActiveCfg = Release|Any CPU
		{F5AC53A0-1777-4FE3-ADCF-FE295B951CBB}.Release|Any CPU.Build.0 = Release|Any CPU
	EndGlobalSection
	GlobalSection(SolutionProperties) = preSolution
		HideSolutionNode = FALSE
	EndGlobalSection
	GlobalSection(ExtensibilityGlobals) = postSolution
		SolutionGuid = {D1E71113-D2A4-4E12-8A1F-231FCDE00FF4}
	EndGlobalSection
EndGlobal
